
Microsoft Visual Studio Solution File, Format Version 12.00
# Visual Studio Version 17
VisualStudioVersion = 17.5.33627.172
MinimumVisualStudioVersion = 10.0.40219.1
Project("{9A19103F-16F7-4668-BE54-9A1E7A4F7556}") = "VNet.Mathematics", "VNet.Mathematics\VNet.Mathematics.csproj", "{F50589B6-A674-4E43-97D8-C3C884CBB317}"
EndProject
Project("{9A19103F-16F7-4668-BE54-9A1E7A4F7556}") = "VNet.Mathematics.Tests", "VNet.Mathematics.Tests\VNet.Mathematics.Tests.csproj", "{023AF254-3025-48B1-A4A1-645A9052CBDC}"
EndProject
Global
	GlobalSection(SolutionConfigurationPlatforms) = preSolution
		Debug|Any CPU = Debug|Any CPU
		Release|Any CPU = Release|Any CPU
	EndGlobalSection
	GlobalSection(ProjectConfigurationPlatforms) = postSolution
		{F50589B6-A674-4E43-97D8-C3C884CBB317}.Debug|Any CPU.ActiveCfg = Debug|Any CPU
		{F50589B6-A674-4E43-97D8-C3C884CBB317}.Debug|Any CPU.Build.0 = Debug|Any CPU
		{F50589B6-A674-4E43-97D8-C3C884CBB317}.Release|Any CPU.ActiveCfg = Release|Any CPU
		{F50589B6-A674-4E43-97D8-C3C884CBB317}.Release|Any CPU.Build.0 = Release|Any CPU
		{023AF254-3025-48B1-A4A1-645A9052CBDC}.Debug|Any CPU.ActiveCfg = Debug|Any CPU
		{023AF254-3025-48B1-A4A1-645A9052CBDC}.Debug|Any CPU.Build.0 = Debug|Any CPU
		{023AF254-3025-48B1-A4A1-645A9052CBDC}.Release|Any CPU.ActiveCfg = Release|Any CPU
		{023AF254-3025-48B1-A4A1-645A9052CBDC}.Release|Any CPU.Build.0 = Release|Any CPU
	EndGlobalSection
	GlobalSection(SolutionProperties) = preSolution
		HideSolutionNode = FALSE
	EndGlobalSection
	GlobalSection(ExtensibilityGlobals) = postSolution
		SolutionGuid = {9FA9E89D-B223-4113-86A2-AC324E17BE8B}
	EndGlobalSection
EndGlobal
